// !$*UTF8*$!
{
	archiveVersion = 1;
	classes = {
	};
	objectVersion = 50;
	objects = {

/* Begin PBXBuildFile section */
		C156CA4826F02CC300E51E65 /* AppDelegate.swift in Sources */ = {isa = PBXBuildFile; fileRef = C156CA4726F02CC300E51E65 /* AppDelegate.swift */; };
		C156CA4A26F02CC300E51E65 /* SceneDelegate.swift in Sources */ = {isa = PBXBuildFile; fileRef = C156CA4926F02CC300E51E65 /* SceneDelegate.swift */; };
		C156CA4C26F02CC300E51E65 /* ViewController.swift in Sources */ = {isa = PBXBuildFile; fileRef = C156CA4B26F02CC300E51E65 /* ViewController.swift */; };
		C156CA4F26F02CC300E51E65 /* Main.storyboard in Resources */ = {isa = PBXBuildFile; fileRef = C156CA4D26F02CC300E51E65 /* Main.storyboard */; };
		C156CA5126F02CC300E51E65 /* Assets.xcassets in Resources */ = {isa = PBXBuildFile; fileRef = C156CA5026F02CC300E51E65 /* Assets.xcassets */; };
		C156CA5426F02CC300E51E65 /* LaunchScreen.storyboard in Resources */ = {isa = PBXBuildFile; fileRef = C156CA5226F02CC300E51E65 /* LaunchScreen.storyboard */; };
		C156CA5F26F02CC400E51E65 /* InstagramCopyTests.swift in Sources */ = {isa = PBXBuildFile; fileRef = C156CA5E26F02CC400E51E65 /* InstagramCopyTests.swift */; };
		C156CA6A26F02CC400E51E65 /* InstagramCopyUITests.swift in Sources */ = {isa = PBXBuildFile; fileRef = C156CA6926F02CC400E51E65 /* InstagramCopyUITests.swift */; };
/* End PBXBuildFile section */

/* Begin PBXContainerItemProxy section */
		C156CA5B26F02CC400E51E65 /* PBXContainerItemProxy */ = {
			isa = PBXContainerItemProxy;
			containerPortal = C156CA3C26F02CC300E51E65 /* Project object */;
			proxyType = 1;
			remoteGlobalIDString = C156CA4326F02CC300E51E65;
			remoteInfo = InstagramCopy;
		};
		C156CA6626F02CC400E51E65 /* PBXContainerItemProxy */ = {
			isa = PBXContainerItemProxy;
			containerPortal = C156CA3C26F02CC300E51E65 /* Project object */;
			proxyType = 1;
			remoteGlobalIDString = C156CA4326F02CC300E51E65;
			remoteInfo = InstagramCopy;
		};
/* End PBXContainerItemProxy section */

/* Begin PBXFileReference section */
		C156CA4426F02CC300E51E65 /* InstagramCopy.app */ = {isa = PBXFileReference; explicitFileType = wrapper.application; includeInIndex = 0; path = InstagramCopy.app; sourceTree = BUILT_PRODUCTS_DIR; };
		C156CA4726F02CC300E51E65 /* AppDelegate.swift */ = {isa = PBXFileReference; lastKnownFileType = sourcecode.swift; path = AppDelegate.swift; sourceTree = "<group>"; };
		C156CA4926F02CC300E51E65 /* SceneDelegate.swift */ = {isa = PBXFileReference; lastKnownFileType = sourcecode.swift; path = SceneDelegate.swift; sourceTree = "<group>"; };
		C156CA4B26F02CC300E51E65 /* ViewController.swift */ = {isa = PBXFileReference; lastKnownFileType = sourcecode.swift; path = ViewController.swift; sourceTree = "<group>"; };
		C156CA4E26F02CC300E51E65 /* Base */ = {isa = PBXFileReference; lastKnownFileType = file.storyboard; name = Base; path = Base.lproj/Main.storyboard; sourceTree = "<group>"; };
		C156CA5026F02CC300E51E65 /* Assets.xcassets */ = {isa = PBXFileReference; lastKnownFileType = folder.assetcatalog; path = Assets.xcassets; sourceTree = "<group>"; };
		C156CA5326F02CC300E51E65 /* Base */ = {isa = PBXFileReference; lastKnownFileType = file.storyboard; name = Base; path = Base.lproj/LaunchScreen.storyboard; sourceTree = "<group>"; };
		C156CA5526F02CC300E51E65 /* Info.plist */ = {isa = PBXFileReference; lastKnownFileType = text.plist.xml; path = Info.plist; sourceTree = "<group>"; };
		C156CA5A26F02CC400E51E65 /* InstagramCopyTests.xctest */ = {isa = PBXFileReference; explicitFileType = wrapper.cfbundle; includeInIndex = 0; path = InstagramCopyTests.xctest; sourceTree = BUILT_PRODUCTS_DIR; };
		C156CA5E26F02CC400E51E65 /* InstagramCopyTests.swift */ = {isa = PBXFileReference; lastKnownFileType = sourcecode.swift; path = InstagramCopyTests.swift; sourceTree = "<group>"; };
		C156CA6026F02CC400E51E65 /* Info.plist */ = {isa = PBXFileReference; lastKnownFileType = text.plist.xml; path = Info.plist; sourceTree = "<group>"; };
		C156CA6526F02CC400E51E65 /* InstagramCopyUITests.xctest */ = {isa = PBXFileReference; explicitFileType = wrapper.cfbundle; includeInIndex = 0; path = InstagramCopyUITests.xctest; sourceTree = BUILT_PRODUCTS_DIR; };
		C156CA6926F02CC400E51E65 /* InstagramCopyUITests.swift */ = {isa = PBXFileReference; lastKnownFileType = sourcecode.swift; path = InstagramCopyUITests.swift; sourceTree = "<group>"; };
		C156CA6B26F02CC400E51E65 /* Info.plist */ = {isa = PBXFileReference; lastKnownFileType = text.plist.xml; path = Info.plist; sourceTree = "<group>"; };
/* End PBXFileReference section */

/* Begin PBXFrameworksBuildPhase section */
		C156CA4126F02CC300E51E65 /* Frameworks */ = {
			isa = PBXFrameworksBuildPhase;
			buildActionMask = 2147483647;
			files = (
			);
			runOnlyForDeploymentPostprocessing = 0;
		};
		C156CA5726F02CC400E51E65 /* Frameworks */ = {
			isa = PBXFrameworksBuildPhase;
			buildActionMask = 2147483647;
			files = (
			);
			runOnlyForDeploymentPostprocessing = 0;
		};
		C156CA6226F02CC400E51E65 /* Frameworks */ = {
			isa = PBXFrameworksBuildPhase;
			buildActionMask = 2147483647;
			files = (
			);
			runOnlyForDeploymentPostprocessing = 0;
		};
/* End PBXFrameworksBuildPhase section */

/* Begin PBXGroup section */
		C156CA3B26F02CC300E51E65 = {
			isa = PBXGroup;
			children = (
				C156CA4626F02CC300E51E65 /* InstagramCopy */,
				C156CA5D26F02CC400E51E65 /* InstagramCopyTests */,
				C156CA6826F02CC400E51E65 /* InstagramCopyUITests */,
				C156CA4526F02CC300E51E65 /* Products */,
			);
			sourceTree = "<group>";
		};
		C156CA4526F02CC300E51E65 /* Products */ = {
			isa = PBXGroup;
			children = (
				C156CA4426F02CC300E51E65 /* InstagramCopy.app */,
				C156CA5A26F02CC400E51E65 /* InstagramCopyTests.xctest */,
				C156CA6526F02CC400E51E65 /* InstagramCopyUITests.xctest */,
			);
			name = Products;
			sourceTree = "<group>";
		};
		C156CA4626F02CC300E51E65 /* InstagramCopy */ = {
			isa = PBXGroup;
			children = (
				C156CA4726F02CC300E51E65 /* AppDelegate.swift */,
				C156CA4926F02CC300E51E65 /* SceneDelegate.swift */,
				C156CA4B26F02CC300E51E65 /* ViewController.swift */,
				C156CA4D26F02CC300E51E65 /* Main.storyboard */,
				C156CA5026F02CC300E51E65 /* Assets.xcassets */,
				C156CA5226F02CC300E51E65 /* LaunchScreen.storyboard */,
				C156CA5526F02CC300E51E65 /* Info.plist */,
			);
			path = InstagramCopy;
			sourceTree = "<group>";
		};
		C156CA5D26F02CC400E51E65 /* InstagramCopyTests */ = {
			isa = PBXGroup;
			children = (
				C156CA5E26F02CC400E51E65 /* InstagramCopyTests.swift */,
				C156CA6026F02CC400E51E65 /* Info.plist */,
			);
			path = InstagramCopyTests;
			sourceTree = "<group>";
		};
		C156CA6826F02CC400E51E65 /* InstagramCopyUITests */ = {
			isa = PBXGroup;
			children = (
				C156CA6926F02CC400E51E65 /* InstagramCopyUITests.swift */,
				C156CA6B26F02CC400E51E65 /* Info.plist */,
			);
			path = InstagramCopyUITests;
			sourceTree = "<group>";
		};
/* End PBXGroup section */

/* Begin PBXNativeTarget section */
		C156CA4326F02CC300E51E65 /* InstagramCopy */ = {
			isa = PBXNativeTarget;
			buildConfigurationList = C156CA6E26F02CC400E51E65 /* Build configuration list for PBXNativeTarget "InstagramCopy" */;
			buildPhases = (
				C156CA4026F02CC300E51E65 /* Sources */,
				C156CA4126F02CC300E51E65 /* Frameworks */,
				C156CA4226F02CC300E51E65 /* Resources */,
			);
			buildRules = (
			);
			dependencies = (
			);
			name = InstagramCopy;
			productName = InstagramCopy;
			productReference = C156CA4426F02CC300E51E65 /* InstagramCopy.app */;
			productType = "com.apple.product-type.application";
		};
		C156CA5926F02CC400E51E65 /* InstagramCopyTests */ = {
			isa = PBXNativeTarget;
			buildConfigurationList = C156CA7126F02CC400E51E65 /* Build configuration list for PBXNativeTarget "InstagramCopyTests" */;
			buildPhases = (
				C156CA5626F02CC400E51E65 /* Sources */,
				C156CA5726F02CC400E51E65 /* Frameworks */,
				C156CA5826F02CC400E51E65 /* Resources */,
			);
			buildRules = (
			);
			dependencies = (
				C156CA5C26F02CC400E51E65 /* PBXTargetDependency */,
			);
			name = InstagramCopyTests;
			productName = InstagramCopyTests;
			productReference = C156CA5A26F02CC400E51E65 /* InstagramCopyTests.xctest */;
			productType = "com.apple.product-type.bundle.unit-test";
		};
		C156CA6426F02CC400E51E65 /* InstagramCopyUITests */ = {
			isa = PBXNativeTarget;
			buildConfigurationList = C156CA7426F02CC400E51E65 /* Build configuration list for PBXNativeTarget "InstagramCopyUITests" */;
			buildPhases = (
				C156CA6126F02CC400E51E65 /* Sources */,
				C156CA6226F02CC400E51E65 /* Frameworks */,
				C156CA6326F02CC400E51E65 /* Resources */,
			);
			buildRules = (
			);
			dependencies = (
				C156CA6726F02CC400E51E65 /* PBXTargetDependency */,
			);
			name = InstagramCopyUITests;
			productName = InstagramCopyUITests;
			productReference = C156CA6526F02CC400E51E65 /* InstagramCopyUITests.xctest */;
			productType = "com.apple.product-type.bundle.ui-testing";
		};
/* End PBXNativeTarget section */

/* Begin PBXProject section */
		C156CA3C26F02CC300E51E65 /* Project object */ = {
			isa = PBXProject;
			attributes = {
				LastSwiftUpdateCheck = 1250;
				LastUpgradeCheck = 1250;
				TargetAttributes = {
					C156CA4326F02CC300E51E65 = {
						CreatedOnToolsVersion = 12.5.1;
					};
					C156CA5926F02CC400E51E65 = {
						CreatedOnToolsVersion = 12.5.1;
						TestTargetID = C156CA4326F02CC300E51E65;
					};
					C156CA6426F02CC400E51E65 = {
						CreatedOnToolsVersion = 12.5.1;
						TestTargetID = C156CA4326F02CC300E51E65;
					};
				};
			};
			buildConfigurationList = C156CA3F26F02CC300E51E65 /* Build configuration list for PBXProject "InstagramCopy" */;
			compatibilityVersion = "Xcode 9.3";
			developmentRegion = en;
			hasScannedForEncodings = 0;
			knownRegions = (
				en,
				Base,
			);
			mainGroup = C156CA3B26F02CC300E51E65;
			productRefGroup = C156CA4526F02CC300E51E65 /* Products */;
			projectDirPath = "";
			projectRoot = "";
			targets = (
				C156CA4326F02CC300E51E65 /* InstagramCopy */,
				C156CA5926F02CC400E51E65 /* InstagramCopyTests */,
				C156CA6426F02CC400E51E65 /* InstagramCopyUITests */,
			);
		};
/* End PBXProject section */

/* Begin PBXResourcesBuildPhase section */
		C156CA4226F02CC300E51E65 /* Resources */ = {
			isa = PBXResourcesBuildPhase;
			buildActionMask = 2147483647;
			files = (
				C156CA5426F02CC300E51E65 /* LaunchScreen.storyboard in Resources */,
				C156CA5126F02CC300E51E65 /* Assets.xcassets in Resources */,
				C156CA4F26F02CC300E51E65 /* Main.storyboard in Resources */,
			);
			runOnlyForDeploymentPostprocessing = 0;
		};
		C156CA5826F02CC400E51E65 /* Resources */ = {
			isa = PBXResourcesBuildPhase;
			buildActionMask = 2147483647;
			files = (
			);
			runOnlyForDeploymentPostprocessing = 0;
		};
		C156CA6326F02CC400E51E65 /* Resources */ = {
			isa = PBXResourcesBuildPhase;
			buildActionMask = 2147483647;
			files = (
			);
			runOnlyForDeploymentPostprocessing = 0;
		};
/* End PBXResourcesBuildPhase section */

/* Begin PBXSourcesBuildPhase section */
		C156CA4026F02CC300E51E65 /* Sources */ = {
			isa = PBXSourcesBuildPhase;
			buildActionMask = 2147483647;
			files = (
				C156CA4C26F02CC300E51E65 /* ViewController.swift in Sources */,
				C156CA4826F02CC300E51E65 /* AppDelegate.swift in Sources */,
				C156CA4A26F02CC300E51E65 /* SceneDelegate.swift in Sources */,
			);
			runOnlyForDeploymentPostprocessing = 0;
		};
		C156CA5626F02CC400E51E65 /* Sources */ = {
			isa = PBXSourcesBuildPhase;
			buildActionMask = 2147483647;
			files = (
				C156CA5F26F02CC400E51E65 /* InstagramCopyTests.swift in Sources */,
			);
			runOnlyForDeploymentPostprocessing = 0;
		};
		C156CA6126F02CC400E51E65 /* Sources */ = {
			isa = PBXSourcesBuildPhase;
			buildActionMask = 2147483647;
			files = (
				C156CA6A26F02CC400E51E65 /* InstagramCopyUITests.swift in Sources */,
			);
			runOnlyForDeploymentPostprocessing = 0;
		};
/* End PBXSourcesBuildPhase section */

/* Begin PBXTargetDependency section */
		C156CA5C26F02CC400E51E65 /* PBXTargetDependency */ = {
			isa = PBXTargetDependency;
			target = C156CA4326F02CC300E51E65 /* InstagramCopy */;
			targetProxy = C156CA5B26F02CC400E51E65 /* PBXContainerItemProxy */;
		};
		C156CA6726F02CC400E51E65 /* PBXTargetDependency */ = {
			isa = PBXTargetDependency;
			target = C156CA4326F02CC300E51E65 /* InstagramCopy */;
			targetProxy = C156CA6626F02CC400E51E65 /* PBXContainerItemProxy */;
		};
/* End PBXTargetDependency section */

/* Begin PBXVariantGroup section */
		C156CA4D26F02CC300E51E65 /* Main.storyboard */ = {
			isa = PBXVariantGroup;
			children = (
				C156CA4E26F02CC300E51E65 /* Base */,
			);
			name = Main.storyboard;
			sourceTree = "<group>";
		};
		C156CA5226F02CC300E51E65 /* LaunchScreen.storyboard */ = {
			isa = PBXVariantGroup;
			children = (
				C156CA5326F02CC300E51E65 /* Base */,
			);
			name = LaunchScreen.storyboard;
			sourceTree = "<group>";
		};
/* End PBXVariantGroup section */

/* Begin XCBuildConfiguration section */
		C156CA6C26F02CC400E51E65 /* Debug */ = {
			isa = XCBuildConfiguration;
			buildSettings = {
				ALWAYS_SEARCH_USER_PATHS = NO;
				CLANG_ANALYZER_NONNULL = YES;
				CLANG_ANALYZER_NUMBER_OBJECT_CONVERSION = YES_AGGRESSIVE;
				CLANG_CXX_LANGUAGE_STANDARD = "gnu++14";
				CLANG_CXX_LIBRARY = "libc++";
				CLANG_ENABLE_MODULES = YES;
				CLANG_ENABLE_OBJC_ARC = YES;
				CLANG_ENABLE_OBJC_WEAK = YES;
				CLANG_WARN_BLOCK_CAPTURE_AUTORELEASING = YES;
				CLANG_WARN_BOOL_CONVERSION = YES;
				CLANG_WARN_COMMA = YES;
				CLANG_WARN_CONSTANT_CONVERSION = YES;
				CLANG_WARN_DEPRECATED_OBJC_IMPLEMENTATIONS = YES;
				CLANG_WARN_DIRECT_OBJC_ISA_USAGE = YES_ERROR;
				CLANG_WARN_DOCUMENTATION_COMMENTS = YES;
				CLANG_WARN_EMPTY_BODY = YES;
				CLANG_WARN_ENUM_CONVERSION = YES;
				CLANG_WARN_INFINITE_RECURSION = YES;
				CLANG_WARN_INT_CONVERSION = YES;
				CLANG_WARN_NON_LITERAL_NULL_CONVERSION = YES;
				CLANG_WARN_OBJC_IMPLICIT_RETAIN_SELF = YES;
				CLANG_WARN_OBJC_LITERAL_CONVERSION = YES;
				CLANG_WARN_OBJC_ROOT_CLASS = YES_ERROR;
				CLANG_WARN_QUOTED_INCLUDE_IN_FRAMEWORK_HEADER = YES;
				CLANG_WARN_RANGE_LOOP_ANALYSIS = YES;
				CLANG_WARN_STRICT_PROTOTYPES = YES;
				CLANG_WARN_SUSPICIOUS_MOVE = YES;
				CLANG_WARN_UNGUARDED_AVAILABILITY = YES_AGGRESSIVE;
				CLANG_WARN_UNREACHABLE_CODE = YES;
				CLANG_WARN__DUPLICATE_METHOD_MATCH = YES;
				COPY_PHASE_STRIP = NO;
				DEBUG_INFORMATION_FORMAT = dwarf;
				ENABLE_STRICT_OBJC_MSGSEND = YES;
				ENABLE_TESTABILITY = YES;
				GCC_C_LANGUAGE_STANDARD = gnu11;
				GCC_DYNAMIC_NO_PIC = NO;
				GCC_NO_COMMON_BLOCKS = YES;
				GCC_OPTIMIZATION_LEVEL = 0;
				GCC_PREPROCESSOR_DEFINITIONS = (
					"DEBUG=1",
					"$(inherited)",
				);
				GCC_WARN_64_TO_32_BIT_CONVERSION = YES;
				GCC_WARN_ABOUT_RETURN_TYPE = YES_ERROR;
				GCC_WARN_UNDECLARED_SELECTOR = YES;
				GCC_WARN_UNINITIALIZED_AUTOS = YES_AGGRESSIVE;
				GCC_WARN_UNUSED_FUNCTION = YES;
				GCC_WARN_UNUSED_VARIABLE = YES;
				IPHONEOS_DEPLOYMENT_TARGET = 14.5;
				MTL_ENABLE_DEBUG_INFO = INCLUDE_SOURCE;
				MTL_FAST_MATH = YES;
				ONLY_ACTIVE_ARCH = YES;
				SDKROOT = iphoneos;
				SWIFT_ACTIVE_COMPILATION_CONDITIONS = DEBUG;
				SWIFT_OPTIMIZATION_LEVEL = "-Onone";
			};
			name = Debug;
		};
		C156CA6D26F02CC400E51E65 /* Release */ = {
			isa = XCBuildConfiguration;
			buildSettings = {
				ALWAYS_SEARCH_USER_PATHS = NO;
				CLANG_ANALYZER_NONNULL = YES;
				CLANG_ANALYZER_NUMBER_OBJECT_CONVERSION = YES_AGGRESSIVE;
				CLANG_CXX_LANGUAGE_STANDARD = "gnu++14";
				CLANG_CXX_LIBRARY = "libc++";
				CLANG_ENABLE_MODULES = YES;
				CLANG_ENABLE_OBJC_ARC = YES;
				CLANG_ENABLE_OBJC_WEAK = YES;
				CLANG_WARN_BLOCK_CAPTURE_AUTORELEASING = YES;
				CLANG_WARN_BOOL_CONVERSION = YES;
				CLANG_WARN_COMMA = YES;
				CLANG_WARN_CONSTANT_CONVERSION = YES;
				CLANG_WARN_DEPRECATED_OBJC_IMPLEMENTATIONS = YES;
				CLANG_WARN_DIRECT_OBJC_ISA_USAGE = YES_ERROR;
				CLANG_WARN_DOCUMENTATION_COMMENTS = YES;
				CLANG_WARN_EMPTY_BODY = YES;
				CLANG_WARN_ENUM_CONVERSION = YES;
				CLANG_WARN_INFINITE_RECURSION = YES;
				CLANG_WARN_INT_CONVERSION = YES;
				CLANG_WARN_NON_LITERAL_NULL_CONVERSION = YES;
				CLANG_WARN_OBJC_IMPLICIT_RETAIN_SELF = YES;
				CLANG_WARN_OBJC_LITERAL_CONVERSION = YES;
				CLANG_WARN_OBJC_ROOT_CLASS = YES_ERROR;
				CLANG_WARN_QUOTED_INCLUDE_IN_FRAMEWORK_HEADER = YES;
				CLANG_WARN_RANGE_LOOP_ANALYSIS = YES;
				CLANG_WARN_STRICT_PROTOTYPES = YES;
				CLANG_WARN_SUSPICIOUS_MOVE = YES;
				CLANG_WARN_UNGUARDED_AVAILABILITY = YES_AGGRESSIVE;
				CLANG_WARN_UNREACHABLE_CODE = YES;
				CLANG_WARN__DUPLICATE_METHOD_MATCH = YES;
				COPY_PHASE_STRIP = NO;
				DEBUG_INFORMATION_FORMAT = "dwarf-with-dsym";
				ENABLE_NS_ASSERTIONS = NO;
				ENABLE_STRICT_OBJC_MSGSEND = YES;
				GCC_C_LANGUAGE_STANDARD = gnu11;
				GCC_NO_COMMON_BLOCKS = YES;
				GCC_WARN_64_TO_32_BIT_CONVERSION = YES;
				GCC_WARN_ABOUT_RETURN_TYPE = YES_ERROR;
				GCC_WARN_UNDECLARED_SELECTOR = YES;
				GCC_WARN_UNINITIALIZED_AUTOS = YES_AGGRESSIVE;
				GCC_WARN_UNUSED_FUNCTION = YES;
				GCC_WARN_UNUSED_VARIABLE = YES;
				IPHONEOS_DEPLOYMENT_TARGET = 14.5;
				MTL_ENABLE_DEBUG_INFO = NO;
				MTL_FAST_MATH = YES;
				SDKROOT = iphoneos;
				SWIFT_COMPILATION_MODE = wholemodule;
				SWIFT_OPTIMIZATION_LEVEL = "-O";
				VALIDATE_PRODUCT = YES;
			};
			name = Release;
		};
		C156CA6F26F02CC400E51E65 /* Debug */ = {
			isa = XCBuildConfiguration;
			buildSettings = {
				ASSETCATALOG_COMPILER_APPICON_NAME = AppIcon;
				ASSETCATALOG_COMPILER_GLOBAL_ACCENT_COLOR_NAME = AccentColor;
				CODE_SIGN_STYLE = Automatic;
				DEVELOPMENT_TEAM = 7NXC7QC9B5;
				INFOPLIST_FILE = InstagramCopy/Info.plist;
				LD_RUNPATH_SEARCH_PATHS = (
					"$(inherited)",
					"@executable_path/Frameworks",
				);
				PRODUCT_BUNDLE_IDENTIFIER = com.bang71.InstagramCopy;
				PRODUCT_NAME = "$(TARGET_NAME)";
				SWIFT_VERSION = 5.0;
				TARGETED_DEVICE_FAMILY = "1,2";
			};
			name = Debug;
		};
		C156CA7026F02CC400E51E65 /* Release */ = {
			isa = XCBuildConfiguration;
			buildSettings = {
				ASSETCATALOG_COMPILER_APPICON_NAME = AppIcon;
				ASSETCATALOG_COMPILER_GLOBAL_ACCENT_COLOR_NAME = AccentColor;
				CODE_SIGN_STYLE = Automatic;
				DEVELOPMENT_TEAM = 7NXC7QC9B5;
				INFOPLIST_FILE = InstagramCopy/Info.plist;
				LD_RUNPATH_SEARCH_PATHS = (
					"$(inherited)",
					"@executable_path/Frameworks",
				);
				PRODUCT_BUNDLE_IDENTIFIER = com.bang71.InstagramCopy;
				PRODUCT_NAME = "$(TARGET_NAME)";
				SWIFT_VERSION = 5.0;
				TARGETED_DEVICE_FAMILY = "1,2";
			};
			name = Release;
		};
		C156CA7226F02CC400E51E65 /* Debug */ = {
			isa = XCBuildConfiguration;
			buildSettings = {
				ALWAYS_EMBED_SWIFT_STANDARD_LIBRARIES = YES;
				BUNDLE_LOADER = "$(TEST_HOST)";
				CODE_SIGN_STYLE = Automatic;
				DEVELOPMENT_TEAM = 7NXC7QC9B5;
				INFOPLIST_FILE = InstagramCopyTests/Info.plist;
				IPHONEOS_DEPLOYMENT_TARGET = 14.5;
				LD_RUNPATH_SEARCH_PATHS = (
					"$(inherited)",
					"@executable_path/Frameworks",
					"@loader_path/Frameworks",
				);
				PRODUCT_BUNDLE_IDENTIFIER = com.bang71.InstagramCopyTests;
				PRODUCT_NAME = "$(TARGET_NAME)";
				SWIFT_VERSION = 5.0;
				TARGETED_DEVICE_FAMILY = "1,2";
				TEST_HOST = "$(BUILT_PRODUCTS_DIR)/InstagramCopy.app/InstagramCopy";
			};
			name = Debug;
		};
		C156CA7326F02CC400E51E65 /* Release */ = {
			isa = XCBuildConfiguration;
			buildSettings = {
				ALWAYS_EMBED_SWIFT_STANDARD_LIBRARIES = YES;
				BUNDLE_LOADER = "$(TEST_HOST)";
				CODE_SIGN_STYLE = Automatic;
				DEVELOPMENT_TEAM = 7NXC7QC9B5;
				INFOPLIST_FILE = InstagramCopyTests/Info.plist;
				IPHONEOS_DEPLOYMENT_TARGET = 14.5;
				LD_RUNPATH_SEARCH_PATHS = (
					"$(inherited)",
					"@executable_path/Frameworks",
					"@loader_path/Frameworks",
				);
				PRODUCT_BUNDLE_IDENTIFIER = com.bang71.InstagramCopyTests;
				PRODUCT_NAME = "$(TARGET_NAME)";
				SWIFT_VERSION = 5.0;
				TARGETED_DEVICE_FAMILY = "1,2";
				TEST_HOST = "$(BUILT_PRODUCTS_DIR)/InstagramCopy.app/InstagramCopy";
			};
			name = Release;
		};
		C156CA7526F02CC400E51E65 /* Debug */ = {
			isa = XCBuildConfiguration;
			buildSettings = {
				ALWAYS_EMBED_SWIFT_STANDARD_LIBRARIES = YES;
				CODE_SIGN_STYLE = Automatic;
				DEVELOPMENT_TEAM = 7NXC7QC9B5;
				INFOPLIST_FILE = InstagramCopyUITests/Info.plist;
				LD_RUNPATH_SEARCH_PATHS = (
					"$(inherited)",
					"@executable_path/Frameworks",
					"@loader_path/Frameworks",
				);
				PRODUCT_BUNDLE_IDENTIFIER = com.bang71.InstagramCopyUITests;
				PRODUCT_NAME = "$(TARGET_NAME)";
				SWIFT_VERSION = 5.0;
				TARGETED_DEVICE_FAMILY = "1,2";
				TEST_TARGET_NAME = InstagramCopy;
			};
			name = Debug;
		};
		C156CA7626F02CC400E51E65 /* Release */ = {
			isa = XCBuildConfiguration;
			buildSettings = {
				ALWAYS_EMBED_SWIFT_STANDARD_LIBRARIES = YES;
				CODE_SIGN_STYLE = Automatic;
				DEVELOPMENT_TEAM = 7NXC7QC9B5;
				INFOPLIST_FILE = InstagramCopyUITests/Info.plist;
				LD_RUNPATH_SEARCH_PATHS = (
					"$(inherited)",
					"@executable_path/Frameworks",
					"@loader_path/Frameworks",
				);
				PRODUCT_BUNDLE_IDENTIFIER = com.bang71.InstagramCopyUITests;
				PRODUCT_NAME = "$(TARGET_NAME)";
				SWIFT_VERSION = 5.0;
				TARGETED_DEVICE_FAMILY = "1,2";
				TEST_TARGET_NAME = InstagramCopy;
			};
			name = Release;
		};
/* End XCBuildConfiguration section */

/* Begin XCConfigurationList section */
		C156CA3F26F02CC300E51E65 /* Build configuration list for PBXProject "InstagramCopy" */ = {
			isa = XCConfigurationList;
			buildConfigurations = (
				C156CA6C26F02CC400E51E65 /* Debug */,
				C156CA6D26F02CC400E51E65 /* Release */,
			);
			defaultConfigurationIsVisible = 0;
			defaultConfigurationName = Release;
		};
		C156CA6E26F02CC400E51E65 /* Build configuration list for PBXNativeTarget "InstagramCopy" */ = {
			isa = XCConfigurationList;
			buildConfigurations = (
				C156CA6F26F02CC400E51E65 /* Debug */,
				C156CA7026F02CC400E51E65 /* Release */,
			);
			defaultConfigurationIsVisible = 0;
			defaultConfigurationName = Release;
		};
		C156CA7126F02CC400E51E65 /* Build configuration list for PBXNativeTarget "InstagramCopyTests" */ = {
			isa = XCConfigurationList;
			buildConfigurations = (
				C156CA7226F02CC400E51E65 /* Debug */,
				C156CA7326F02CC400E51E65 /* Release */,
			);
			defaultConfigurationIsVisible = 0;
			defaultConfigurationName = Release;
		};
		C156CA7426F02CC400E51E65 /* Build configuration list for PBXNativeTarget "InstagramCopyUITests" */ = {
			isa = XCConfigurationList;
			buildConfigurations = (
				C156CA7526F02CC400E51E65 /* Debug */,
				C156CA7626F02CC400E51E65 /* Release */,
			);
			defaultConfigurationIsVisible = 0;
			defaultConfigurationName = Release;
		};
/* End XCConfigurationList section */
	};
	rootObject = C156CA3C26F02CC300E51E65 /* Project object */;
}
